
Microsoft Visual Studio Solution File, Format Version 12.00
EndProject
Project("{FAE04EC0-301F-11D3-BF4B-00C04F79EFBC}") = "ProblemDetailsCustomization.WebApi", "src\ProblemDetailsCustomization.WebApi\ProblemDetailsCustomization.WebApi.csproj", "{DE4D8DFA-F03D-40A4-91E4-8C027F7B5BC7}"
EndProject
Global
	GlobalSection(SolutionConfigurationPlatforms) = preSolution
		Debug|Any CPU = Debug|Any CPU
		Release|Any CPU = Release|Any CPU
	EndGlobalSection
	GlobalSection(ProjectConfigurationPlatforms) = postSolution
		{DE4D8DFA-F03D-40A4-91E4-8C027F7B5BC7}.Debug|Any CPU.ActiveCfg = Debug|Any CPU
		{DE4D8DFA-F03D-40A4-91E4-8C027F7B5BC7}.Debug|Any CPU.Build.0 = Debug|Any CPU
		{DE4D8DFA-F03D-40A4-91E4-8C027F7B5BC7}.Release|Any CPU.ActiveCfg = Release|Any CPU
		{DE4D8DFA-F03D-40A4-91E4-8C027F7B5BC7}.Release|Any CPU.Build.0 = Release|Any CPU
	EndGlobalSection
EndGlobal
